
Microsoft Visual Studio Solution File, Format Version 12.00
# Visual Studio Version 17
VisualStudioVersion = 17.10.35122.118
MinimumVisualStudioVersion = 10.0.40219.1
Project("{F2A71F9B-5D33-465A-A702-920D77279786}") = "FSParser-Ver.1.0", "FSParser-Ver.1.0\FSParser-Ver.1.0.fsproj", "{B04C5EF6-F10F-48CF-AB3A-C0928564F9D7}"
EndProject
Global
	GlobalSection(SolutionConfigurationPlatforms) = preSolution
		Debug|Any CPU = Debug|Any CPU
		Release|Any CPU = Release|Any CPU
	EndGlobalSection
	GlobalSection(ProjectConfigurationPlatforms) = postSolution
		{B04C5EF6-F10F-48CF-AB3A-C0928564F9D7}.Debug|Any CPU.ActiveCfg = Debug|Any CPU
		{B04C5EF6-F10F-48CF-AB3A-C0928564F9D7}.Debug|Any CPU.Build.0 = Debug|Any CPU
		{B04C5EF6-F10F-48CF-AB3A-C0928564F9D7}.Release|Any CPU.ActiveCfg = Release|Any CPU
		{B04C5EF6-F10F-48CF-AB3A-C0928564F9D7}.Release|Any CPU.Build.0 = Release|Any CPU
	EndGlobalSection
	GlobalSection(SolutionProperties) = preSolution
		HideSolutionNode = FALSE
	EndGlobalSection
	GlobalSection(ExtensibilityGlobals) = postSolution
		SolutionGuid = {20708F86-E0CC-4635-9251-0875AD77D64A}
	EndGlobalSection
EndGlobal
